
Microsoft Visual Studio Solution File, Format Version 12.00
# Visual Studio Version 17
VisualStudioVersion = 17.9.34622.214
MinimumVisualStudioVersion = 10.0.40219.1
Project("{FAE04EC0-301F-11D3-BF4B-00C04F79EFBC}") = "LABA27", "LABA27\LABA27.csproj", "{5FA311AE-E29C-4655-B315-AB99AEFF15EC}"
EndProject
Global
	GlobalSection(SolutionConfigurationPlatforms) = preSolution
		Debug|Any CPU = Debug|Any CPU
		Release|Any CPU = Release|Any CPU
	EndGlobalSection
	GlobalSection(ProjectConfigurationPlatforms) = postSolution
		{5FA311AE-E29C-4655-B315-AB99AEFF15EC}.Debug|Any CPU.ActiveCfg = Debug|Any CPU
		{5FA311AE-E29C-4655-B315-AB99AEFF15EC}.Debug|Any CPU.Build.0 = Debug|Any CPU
		{5FA311AE-E29C-4655-B315-AB99AEFF15EC}.Release|Any CPU.ActiveCfg = Release|Any CPU
		{5FA311AE-E29C-4655-B315-AB99AEFF15EC}.Release|Any CPU.Build.0 = Release|Any CPU
	EndGlobalSection
	GlobalSection(SolutionProperties) = preSolution
		HideSolutionNode = FALSE
	EndGlobalSection
	GlobalSection(ExtensibilityGlobals) = postSolution
		SolutionGuid = {3BD6FF83-4C7F-4F6C-AAFD-EBB6E89474AC}
	EndGlobalSection
EndGlobal
